
Microsoft Visual Studio Solution File, Format Version 12.00
# Visual Studio Version 16
VisualStudioVersion = 16.0.29009.5
MinimumVisualStudioVersion = 10.0.40219.1
Project("{FAE04EC0-301F-11D3-BF4B-00C04F79EFBC}") = "Week7", "Week7\Week7.csproj", "{9D0A8C3F-BCA1-4DA8-90D4-76BE12ABB3CE}"
EndProject
Global
	GlobalSection(SolutionConfigurationPlatforms) = preSolution
		Debug|Any CPU = Debug|Any CPU
		Release|Any CPU = Release|Any CPU
	EndGlobalSection
	GlobalSection(ProjectConfigurationPlatforms) = postSolution
		{9D0A8C3F-BCA1-4DA8-90D4-76BE12ABB3CE}.Debug|Any CPU.ActiveCfg = Debug|Any CPU
		{9D0A8C3F-BCA1-4DA8-90D4-76BE12ABB3CE}.Debug|Any CPU.Build.0 = Debug|Any CPU
		{9D0A8C3F-BCA1-4DA8-90D4-76BE12ABB3CE}.Release|Any CPU.ActiveCfg = Release|Any CPU
		{9D0A8C3F-BCA1-4DA8-90D4-76BE12ABB3CE}.Release|Any CPU.Build.0 = Release|Any CPU
	EndGlobalSection
	GlobalSection(SolutionProperties) = preSolution
		HideSolutionNode = FALSE
	EndGlobalSection
	GlobalSection(ExtensibilityGlobals) = postSolution
		SolutionGuid = {3ED055C9-C07E-4680-997F-26FADD68C1EC}
	EndGlobalSection
EndGlobal
